// !$*UTF8*$!
{
	archiveVersion = 1;
	classes = {
	};
	objectVersion = 77;
	objects = {

/* Begin PBXBuildFile section */
		29859C912E79D19200AA3D37 /* ArgumentHandler.c in Sources */ = {isa = PBXBuildFile; fileRef = 29859C842E79D19200AA3D37 /* ArgumentHandler.c */; };
		29859C922E79D19200AA3D37 /* List.c in Sources */ = {isa = PBXBuildFile; fileRef = 29859C862E79D19200AA3D37 /* List.c */; };
		29859C932E79D19200AA3D37 /* main.c in Sources */ = {isa = PBXBuildFile; fileRef = 29859C872E79D19200AA3D37 /* main.c */; };
		29859C942E79D19200AA3D37 /* Node.c in Sources */ = {isa = PBXBuildFile; fileRef = 29859C892E79D19200AA3D37 /* Node.c */; };
		29859C952E79D19200AA3D37 /* Note.c in Sources */ = {isa = PBXBuildFile; fileRef = 29859C8B2E79D19200AA3D37 /* Note.c */; };
		29859C962E79D19200AA3D37 /* Store.c in Sources */ = {isa = PBXBuildFile; fileRef = 29859C8D2E79D19200AA3D37 /* Store.c */; };
		29859C972E79D19200AA3D37 /* StringBuffer.c in Sources */ = {isa = PBXBuildFile; fileRef = 29859C8F2E79D19200AA3D37 /* StringBuffer.c */; };
/* End PBXBuildFile section */

/* Begin PBXCopyFilesBuildPhase section */
		29421DFB2DF2340200AAA505 /* CopyFiles */ = {
			isa = PBXCopyFilesBuildPhase;
			buildActionMask = 2147483647;
			dstPath = /usr/share/man/man1/;
			dstSubfolderSpec = 0;
			files = (
			);
			runOnlyForDeploymentPostprocessing = 1;
		};
/* End PBXCopyFilesBuildPhase section */

/* Begin PBXFileReference section */
		29138DCA2DF8B8C80062F720 /* .gitignore */ = {isa = PBXFileReference; lastKnownFileType = text; path = .gitignore; sourceTree = "<group>"; };
		29421DFD2DF2340200AAA505 /* Memo */ = {isa = PBXFileReference; explicitFileType = "compiled.mach-o.executable"; includeInIndex = 0; path = Memo; sourceTree = BUILT_PRODUCTS_DIR; };
		29859C802E79D19200AA3D37 /* Ascii.h */ = {isa = PBXFileReference; lastKnownFileType = sourcecode.c.h; path = Ascii.h; sourceTree = "<group>"; };
		29859C812E79D19200AA3D37 /* Bool.h */ = {isa = PBXFileReference; lastKnownFileType = sourcecode.c.h; path = Bool.h; sourceTree = "<group>"; };
		29859C832E79D19200AA3D37 /* ArgumentHandler.h */ = {isa = PBXFileReference; lastKnownFileType = sourcecode.c.h; path = ArgumentHandler.h; sourceTree = "<group>"; };
		29859C842E79D19200AA3D37 /* ArgumentHandler.c */ = {isa = PBXFileReference; lastKnownFileType = sourcecode.c.c; path = ArgumentHandler.c; sourceTree = "<group>"; };
		29859C852E79D19200AA3D37 /* List.h */ = {isa = PBXFileReference; lastKnownFileType = sourcecode.c.h; path = List.h; sourceTree = "<group>"; };
		29859C862E79D19200AA3D37 /* List.c */ = {isa = PBXFileReference; lastKnownFileType = sourcecode.c.c; path = List.c; sourceTree = "<group>"; };
		29859C872E79D19200AA3D37 /* main.c */ = {isa = PBXFileReference; lastKnownFileType = sourcecode.c.c; path = main.c; sourceTree = "<group>"; };
		29859C882E79D19200AA3D37 /* Node.h */ = {isa = PBXFileReference; lastKnownFileType = sourcecode.c.h; path = Node.h; sourceTree = "<group>"; };
		29859C892E79D19200AA3D37 /* Node.c */ = {isa = PBXFileReference; lastKnownFileType = sourcecode.c.c; path = Node.c; sourceTree = "<group>"; };
		29859C8A2E79D19200AA3D37 /* Note.h */ = {isa = PBXFileReference; lastKnownFileType = sourcecode.c.h; path = Note.h; sourceTree = "<group>"; };
		29859C8B2E79D19200AA3D37 /* Note.c */ = {isa = PBXFileReference; lastKnownFileType = sourcecode.c.c; path = Note.c; sourceTree = "<group>"; };
		29859C8C2E79D19200AA3D37 /* Store.h */ = {isa = PBXFileReference; lastKnownFileType = sourcecode.c.h; path = Store.h; sourceTree = "<group>"; };
		29859C8D2E79D19200AA3D37 /* Store.c */ = {isa = PBXFileReference; lastKnownFileType = sourcecode.c.c; path = Store.c; sourceTree = "<group>"; };
		29859C8E2E79D19200AA3D37 /* StringBuffer.h */ = {isa = PBXFileReference; lastKnownFileType = sourcecode.c.h; path = StringBuffer.h; sourceTree = "<group>"; };
		29859C8F2E79D19200AA3D37 /* StringBuffer.c */ = {isa = PBXFileReference; lastKnownFileType = sourcecode.c.c; path = StringBuffer.c; sourceTree = "<group>"; };
/* End PBXFileReference section */

/* Begin PBXFrameworksBuildPhase section */
		29421DFA2DF2340200AAA505 /* Frameworks */ = {
			isa = PBXFrameworksBuildPhase;
			buildActionMask = 2147483647;
			files = (
			);
			runOnlyForDeploymentPostprocessing = 0;
		};
/* End PBXFrameworksBuildPhase section */

/* Begin PBXGroup section */
		29421DF42DF2340200AAA505 = {
			isa = PBXGroup;
			children = (
				29138DCA2DF8B8C80062F720 /* .gitignore */,
				29859C902E79D19200AA3D37 /* Memo */,
				29421DFE2DF2340200AAA505 /* Products */,
			);
			sourceTree = "<group>";
		};
		29421DFE2DF2340200AAA505 /* Products */ = {
			isa = PBXGroup;
			children = (
				29421DFD2DF2340200AAA505 /* Memo */,
			);
			name = Products;
			sourceTree = "<group>";
		};
		29859C822E79D19200AA3D37 /* Utilities */ = {
			isa = PBXGroup;
			children = (
				29859C812E79D19200AA3D37 /* Bool.h */,
				29859C802E79D19200AA3D37 /* Ascii.h */,
				29859C8E2E79D19200AA3D37 /* StringBuffer.h */,
				29859C8F2E79D19200AA3D37 /* StringBuffer.c */,
			);
			path = Utilities;
			sourceTree = "<group>";
		};
		29859C902E79D19200AA3D37 /* Memo */ = {
			isa = PBXGroup;
			children = (
				29859C872E79D19200AA3D37 /* main.c */,
				29859C832E79D19200AA3D37 /* ArgumentHandler.h */,
				29859C842E79D19200AA3D37 /* ArgumentHandler.c */,
				29859C852E79D19200AA3D37 /* List.h */,
				29859C862E79D19200AA3D37 /* List.c */,
				29859C882E79D19200AA3D37 /* Node.h */,
				29859C892E79D19200AA3D37 /* Node.c */,
				29859C8A2E79D19200AA3D37 /* Note.h */,
				29859C8B2E79D19200AA3D37 /* Note.c */,
				29859C8C2E79D19200AA3D37 /* Store.h */,
				29859C8D2E79D19200AA3D37 /* Store.c */,
				29859C822E79D19200AA3D37 /* Utilities */,
			);
			path = Memo;
			sourceTree = "<group>";
		};
/* End PBXGroup section */

/* Begin PBXNativeTarget section */
		29421DFC2DF2340200AAA505 /* Memo */ = {
			isa = PBXNativeTarget;
			buildConfigurationList = 29421E042DF2340200AAA505 /* Build configuration list for PBXNativeTarget "Memo" */;
			buildPhases = (
				29421DF92DF2340200AAA505 /* Sources */,
				29421DFA2DF2340200AAA505 /* Frameworks */,
				29421DFB2DF2340200AAA505 /* CopyFiles */,
			);
			buildRules = (
			);
			dependencies = (
			);
			name = Memo;
			packageProductDependencies = (
			);
			productName = Memo;
			productReference = 29421DFD2DF2340200AAA505 /* Memo */;
			productType = "com.apple.product-type.tool";
		};
/* End PBXNativeTarget section */

/* Begin PBXProject section */
		29421DF52DF2340200AAA505 /* Project object */ = {
			isa = PBXProject;
			attributes = {
				BuildIndependentTargetsInParallel = 1;
				LastUpgradeCheck = 2600;
				TargetAttributes = {
					29421DFC2DF2340200AAA505 = {
						CreatedOnToolsVersion = 16.4;
						LastSwiftMigration = 1640;
					};
				};
			};
			buildConfigurationList = 29421DF82DF2340200AAA505 /* Build configuration list for PBXProject "Memo" */;
			developmentRegion = en;
			hasScannedForEncodings = 0;
			knownRegions = (
				en,
				Base,
			);
			mainGroup = 29421DF42DF2340200AAA505;
			minimizedProjectReferenceProxies = 1;
			preferredProjectObjectVersion = 77;
			productRefGroup = 29421DFE2DF2340200AAA505 /* Products */;
			projectDirPath = "";
			projectRoot = "";
			targets = (
				29421DFC2DF2340200AAA505 /* Memo */,
			);
		};
/* End PBXProject section */

/* Begin PBXSourcesBuildPhase section */
		29421DF92DF2340200AAA505 /* Sources */ = {
			isa = PBXSourcesBuildPhase;
			buildActionMask = 2147483647;
			files = (
				29859C912E79D19200AA3D37 /* ArgumentHandler.c in Sources */,
				29859C922E79D19200AA3D37 /* List.c in Sources */,
				29859C932E79D19200AA3D37 /* main.c in Sources */,
				29859C942E79D19200AA3D37 /* Node.c in Sources */,
				29859C952E79D19200AA3D37 /* Note.c in Sources */,
				29859C962E79D19200AA3D37 /* Store.c in Sources */,
				29859C972E79D19200AA3D37 /* StringBuffer.c in Sources */,
			);
			runOnlyForDeploymentPostprocessing = 0;
		};
/* End PBXSourcesBuildPhase section */

/* Begin XCBuildConfiguration section */
		29421E022DF2340200AAA505 /* Debug */ = {
			isa = XCBuildConfiguration;
			buildSettings = {
				ALWAYS_SEARCH_USER_PATHS = NO;
				ASSETCATALOG_COMPILER_GENERATE_SWIFT_ASSET_SYMBOL_EXTENSIONS = YES;
				CLANG_ANALYZER_NONNULL = YES;
				CLANG_ANALYZER_NUMBER_OBJECT_CONVERSION = YES_AGGRESSIVE;
				CLANG_CXX_LANGUAGE_STANDARD = "gnu++20";
				CLANG_ENABLE_MODULES = YES;
				CLANG_ENABLE_OBJC_ARC = YES;
				CLANG_ENABLE_OBJC_WEAK = YES;
				CLANG_WARN_BLOCK_CAPTURE_AUTORELEASING = YES;
				CLANG_WARN_BOOL_CONVERSION = YES;
				CLANG_WARN_COMMA = YES;
				CLANG_WARN_CONSTANT_CONVERSION = YES;
				CLANG_WARN_DEPRECATED_OBJC_IMPLEMENTATIONS = YES;
				CLANG_WARN_DIRECT_OBJC_ISA_USAGE = YES_ERROR;
				CLANG_WARN_DOCUMENTATION_COMMENTS = YES;
				CLANG_WARN_EMPTY_BODY = YES;
				CLANG_WARN_ENUM_CONVERSION = YES;
				CLANG_WARN_INFINITE_RECURSION = YES;
				CLANG_WARN_INT_CONVERSION = YES;
				CLANG_WARN_NON_LITERAL_NULL_CONVERSION = YES;
				CLANG_WARN_OBJC_IMPLICIT_RETAIN_SELF = YES;
				CLANG_WARN_OBJC_LITERAL_CONVERSION = YES;
				CLANG_WARN_OBJC_ROOT_CLASS = YES_ERROR;
				CLANG_WARN_QUOTED_INCLUDE_IN_FRAMEWORK_HEADER = YES;
				CLANG_WARN_RANGE_LOOP_ANALYSIS = YES;
				CLANG_WARN_STRICT_PROTOTYPES = YES;
				CLANG_WARN_SUSPICIOUS_MOVE = YES;
				CLANG_WARN_UNGUARDED_AVAILABILITY = YES_AGGRESSIVE;
				CLANG_WARN_UNREACHABLE_CODE = YES;
				CLANG_WARN__DUPLICATE_METHOD_MATCH = YES;
				COPY_PHASE_STRIP = NO;
				DEAD_CODE_STRIPPING = YES;
				DEBUG_INFORMATION_FORMAT = dwarf;
				ENABLE_STRICT_OBJC_MSGSEND = YES;
				ENABLE_TESTABILITY = YES;
				ENABLE_USER_SCRIPT_SANDBOXING = YES;
				GCC_C_LANGUAGE_STANDARD = gnu17;
				GCC_DYNAMIC_NO_PIC = NO;
				GCC_NO_COMMON_BLOCKS = YES;
				GCC_OPTIMIZATION_LEVEL = 0;
				GCC_PREPROCESSOR_DEFINITIONS = (
					"DEBUG=1",
					"$(inherited)",
				);
				GCC_WARN_64_TO_32_BIT_CONVERSION = YES;
				GCC_WARN_ABOUT_RETURN_TYPE = YES_ERROR;
				GCC_WARN_UNDECLARED_SELECTOR = YES;
				GCC_WARN_UNINITIALIZED_AUTOS = YES_AGGRESSIVE;
				GCC_WARN_UNUSED_FUNCTION = YES;
				GCC_WARN_UNUSED_VARIABLE = YES;
				LOCALIZATION_PREFERS_STRING_CATALOGS = YES;
				MACOSX_DEPLOYMENT_TARGET = 15.5;
				MTL_ENABLE_DEBUG_INFO = INCLUDE_SOURCE;
				MTL_FAST_MATH = YES;
				ONLY_ACTIVE_ARCH = YES;
				SDKROOT = macosx;
				STRING_CATALOG_GENERATE_SYMBOLS = YES;
			};
			name = Debug;
		};
		29421E032DF2340200AAA505 /* Release */ = {
			isa = XCBuildConfiguration;
			buildSettings = {
				ALWAYS_SEARCH_USER_PATHS = NO;
				ASSETCATALOG_COMPILER_GENERATE_SWIFT_ASSET_SYMBOL_EXTENSIONS = YES;
				CLANG_ANALYZER_NONNULL = YES;
				CLANG_ANALYZER_NUMBER_OBJECT_CONVERSION = YES_AGGRESSIVE;
				CLANG_CXX_LANGUAGE_STANDARD = "gnu++20";
				CLANG_ENABLE_MODULES = YES;
				CLANG_ENABLE_OBJC_ARC = YES;
				CLANG_ENABLE_OBJC_WEAK = YES;
				CLANG_WARN_BLOCK_CAPTURE_AUTORELEASING = YES;
				CLANG_WARN_BOOL_CONVERSION = YES;
				CLANG_WARN_COMMA = YES;
				CLANG_WARN_CONSTANT_CONVERSION = YES;
				CLANG_WARN_DEPRECATED_OBJC_IMPLEMENTATIONS = YES;
				CLANG_WARN_DIRECT_OBJC_ISA_USAGE = YES_ERROR;
				CLANG_WARN_DOCUMENTATION_COMMENTS = YES;
				CLANG_WARN_EMPTY_BODY = YES;
				CLANG_WARN_ENUM_CONVERSION = YES;
				CLANG_WARN_INFINITE_RECURSION = YES;
				CLANG_WARN_INT_CONVERSION = YES;
				CLANG_WARN_NON_LITERAL_NULL_CONVERSION = YES;
				CLANG_WARN_OBJC_IMPLICIT_RETAIN_SELF = YES;
				CLANG_WARN_OBJC_LITERAL_CONVERSION = YES;
				CLANG_WARN_OBJC_ROOT_CLASS = YES_ERROR;
				CLANG_WARN_QUOTED_INCLUDE_IN_FRAMEWORK_HEADER = YES;
				CLANG_WARN_RANGE_LOOP_ANALYSIS = YES;
				CLANG_WARN_STRICT_PROTOTYPES = YES;
				CLANG_WARN_SUSPICIOUS_MOVE = YES;
				CLANG_WARN_UNGUARDED_AVAILABILITY = YES_AGGRESSIVE;
				CLANG_WARN_UNREACHABLE_CODE = YES;
				CLANG_WARN__DUPLICATE_METHOD_MATCH = YES;
				COPY_PHASE_STRIP = NO;
				DEAD_CODE_STRIPPING = YES;
				DEBUG_INFORMATION_FORMAT = "dwarf-with-dsym";
				ENABLE_NS_ASSERTIONS = NO;
				ENABLE_STRICT_OBJC_MSGSEND = YES;
				ENABLE_USER_SCRIPT_SANDBOXING = YES;
				GCC_C_LANGUAGE_STANDARD = gnu17;
				GCC_NO_COMMON_BLOCKS = YES;
				GCC_WARN_64_TO_32_BIT_CONVERSION = YES;
				GCC_WARN_ABOUT_RETURN_TYPE = YES_ERROR;
				GCC_WARN_UNDECLARED_SELECTOR = YES;
				GCC_WARN_UNINITIALIZED_AUTOS = YES_AGGRESSIVE;
				GCC_WARN_UNUSED_FUNCTION = YES;
				GCC_WARN_UNUSED_VARIABLE = YES;
				LOCALIZATION_PREFERS_STRING_CATALOGS = YES;
				MACOSX_DEPLOYMENT_TARGET = 15.5;
				MTL_ENABLE_DEBUG_INFO = NO;
				MTL_FAST_MATH = YES;
				SDKROOT = macosx;
				STRING_CATALOG_GENERATE_SYMBOLS = YES;
			};
			name = Release;
		};
		29421E052DF2340200AAA505 /* Debug */ = {
			isa = XCBuildConfiguration;
			buildSettings = {
				CLANG_ENABLE_MODULES = YES;
				CODE_SIGN_STYLE = Automatic;
				DEAD_CODE_STRIPPING = YES;
				GCC_C_LANGUAGE_STANDARD = c89;
				GCC_TREAT_WARNINGS_AS_ERRORS = YES;
				GCC_WARN_PEDANTIC = YES;
				OTHER_CFLAGS = "-pedantic";
				PRODUCT_NAME = "$(TARGET_NAME)";
				SWIFT_OPTIMIZATION_LEVEL = "-Onone";
				SWIFT_VERSION = 6.0;
			};
			name = Debug;
		};
		29421E062DF2340200AAA505 /* Release */ = {
			isa = XCBuildConfiguration;
			buildSettings = {
				CLANG_ENABLE_MODULES = YES;
				CODE_SIGN_STYLE = Automatic;
				DEAD_CODE_STRIPPING = YES;
				GCC_C_LANGUAGE_STANDARD = c89;
				GCC_TREAT_WARNINGS_AS_ERRORS = YES;
				GCC_WARN_PEDANTIC = YES;
				OTHER_CFLAGS = "-pedantic";
				PRODUCT_NAME = "$(TARGET_NAME)";
				SWIFT_VERSION = 6.0;
			};
			name = Release;
		};
/* End XCBuildConfiguration section */

/* Begin XCConfigurationList section */
		29421DF82DF2340200AAA505 /* Build configuration list for PBXProject "Memo" */ = {
			isa = XCConfigurationList;
			buildConfigurations = (
				29421E022DF2340200AAA505 /* Debug */,
				29421E032DF2340200AAA505 /* Release */,
			);
			defaultConfigurationIsVisible = 0;
			defaultConfigurationName = Release;
		};
		29421E042DF2340200AAA505 /* Build configuration list for PBXNativeTarget "Memo" */ = {
			isa = XCConfigurationList;
			buildConfigurations = (
				29421E052DF2340200AAA505 /* Debug */,
				29421E062DF2340200AAA505 /* Release */,
			);
			defaultConfigurationIsVisible = 0;
			defaultConfigurationName = Release;
		};
/* End XCConfigurationList section */
	};
	rootObject = 29421DF52DF2340200AAA505 /* Project object */;
}
